
Microsoft Visual Studio Solution File, Format Version 12.00
Project("{FAE04EC0-301F-11D3-BF4B-00C04F79EFBC}") = "Core", "Core\Core.csproj", "{E473EE6E-9C9C-4271-A5EE-06E4F1A1BDCA}"
EndProject
Global
	GlobalSection(SolutionConfigurationPlatforms) = preSolution
		Debug|Any CPU = Debug|Any CPU
		Release|Any CPU = Release|Any CPU
	EndGlobalSection
	GlobalSection(ProjectConfigurationPlatforms) = postSolution
		{E473EE6E-9C9C-4271-A5EE-06E4F1A1BDCA}.Debug|Any CPU.ActiveCfg = Debug|Any CPU
		{E473EE6E-9C9C-4271-A5EE-06E4F1A1BDCA}.Debug|Any CPU.Build.0 = Debug|Any CPU
		{E473EE6E-9C9C-4271-A5EE-06E4F1A1BDCA}.Release|Any CPU.ActiveCfg = Release|Any CPU
		{E473EE6E-9C9C-4271-A5EE-06E4F1A1BDCA}.Release|Any CPU.Build.0 = Release|Any CPU
	EndGlobalSection
EndGlobal
